
Microsoft Visual Studio Solution File, Format Version 12.00
# Visual Studio Version 17
VisualStudioVersion = 17.11.35312.102
MinimumVisualStudioVersion = 10.0.40219.1
Project("{8BC9CEB8-8B4A-11D0-8D11-00A0C91BC942}") = "005浮点型（实型）", "005浮点型（实型）.vcxproj", "{8A987F3B-78C7-4143-8814-220A027409AD}"
EndProject
Global
	GlobalSection(SolutionConfigurationPlatforms) = preSolution
		Debug|x64 = Debug|x64
		Debug|x86 = Debug|x86
		Release|x64 = Release|x64
		Release|x86 = Release|x86
	EndGlobalSection
	GlobalSection(ProjectConfigurationPlatforms) = postSolution
		{8A987F3B-78C7-4143-8814-220A027409AD}.Debug|x64.ActiveCfg = Debug|x64
		{8A987F3B-78C7-4143-8814-220A027409AD}.Debug|x64.Build.0 = Debug|x64
		{8A987F3B-78C7-4143-8814-220A027409AD}.Debug|x86.ActiveCfg = Debug|Win32
		{8A987F3B-78C7-4143-8814-220A027409AD}.Debug|x86.Build.0 = Debug|Win32
		{8A987F3B-78C7-4143-8814-220A027409AD}.Release|x64.ActiveCfg = Release|x64
		{8A987F3B-78C7-4143-8814-220A027409AD}.Release|x64.Build.0 = Release|x64
		{8A987F3B-78C7-4143-8814-220A027409AD}.Release|x86.ActiveCfg = Release|Win32
		{8A987F3B-78C7-4143-8814-220A027409AD}.Release|x86.Build.0 = Release|Win32
	EndGlobalSection
	GlobalSection(SolutionProperties) = preSolution
		HideSolutionNode = FALSE
	EndGlobalSection
	GlobalSection(ExtensibilityGlobals) = postSolution
		SolutionGuid = {08C84B13-BF41-4461-96CA-B3E0E402888E}
	EndGlobalSection
EndGlobal
