
Microsoft Visual Studio Solution File, Format Version 12.00
# Visual Studio Version 17
VisualStudioVersion = 17.11.35312.102
MinimumVisualStudioVersion = 10.0.40219.1
Project("{8BC9CEB8-8B4A-11D0-8D11-00A0C91BC942}") = "025指针进阶", "025指针进阶.vcxproj", "{1B54C3A3-4AB1-4E47-9D4E-AE9AB13E0E99}"
EndProject
Global
	GlobalSection(SolutionConfigurationPlatforms) = preSolution
		Debug|x64 = Debug|x64
		Debug|x86 = Debug|x86
		Release|x64 = Release|x64
		Release|x86 = Release|x86
	EndGlobalSection
	GlobalSection(ProjectConfigurationPlatforms) = postSolution
		{1B54C3A3-4AB1-4E47-9D4E-AE9AB13E0E99}.Debug|x64.ActiveCfg = Debug|x64
		{1B54C3A3-4AB1-4E47-9D4E-AE9AB13E0E99}.Debug|x64.Build.0 = Debug|x64
		{1B54C3A3-4AB1-4E47-9D4E-AE9AB13E0E99}.Debug|x86.ActiveCfg = Debug|Win32
		{1B54C3A3-4AB1-4E47-9D4E-AE9AB13E0E99}.Debug|x86.Build.0 = Debug|Win32
		{1B54C3A3-4AB1-4E47-9D4E-AE9AB13E0E99}.Release|x64.ActiveCfg = Release|x64
		{1B54C3A3-4AB1-4E47-9D4E-AE9AB13E0E99}.Release|x64.Build.0 = Release|x64
		{1B54C3A3-4AB1-4E47-9D4E-AE9AB13E0E99}.Release|x86.ActiveCfg = Release|Win32
		{1B54C3A3-4AB1-4E47-9D4E-AE9AB13E0E99}.Release|x86.Build.0 = Release|Win32
	EndGlobalSection
	GlobalSection(SolutionProperties) = preSolution
		HideSolutionNode = FALSE
	EndGlobalSection
	GlobalSection(ExtensibilityGlobals) = postSolution
		SolutionGuid = {21ADFEA3-1B31-4011-AE57-CEC0DA147935}
	EndGlobalSection
EndGlobal
